
Microsoft Visual Studio Solution File, Format Version 12.00
# Visual Studio Version 17
VisualStudioVersion = 17.6.33815.320
MinimumVisualStudioVersion = 10.0.40219.1
Project("{2150E333-8FDC-42A3-9474-1A3956D46DE8}") = "app.core", "app.core", "{75446E88-3C3C-45B6-B158-603C3CFCDE28}"
EndProject
Project("{2150E333-8FDC-42A3-9474-1A3956D46DE8}") = "app.infrastructure", "app.infrastructure", "{CD6676AB-0EE8-4637-8217-E12C3F14D5A1}"
EndProject
Project("{2150E333-8FDC-42A3-9474-1A3956D46DE8}") = "app.outer", "app.outer", "{999430A4-74FD-4768-9DA0-A83C9353EA25}"
EndProject
Project("{FAE04EC0-301F-11D3-BF4B-00C04F79EFBC}") = "sales.core", "sales.core\sales.core.csproj", "{C57402F5-2BE6-4E55-83D5-2A19278A1E67}"
EndProject
Project("{FAE04EC0-301F-11D3-BF4B-00C04F79EFBC}") = "sales.infrastructure", "sales.infrastructure\sales.infrastructure.csproj", "{9657CF0F-E61E-4B24-8299-7ED69093A4E3}"
EndProject
Project("{FAE04EC0-301F-11D3-BF4B-00C04F79EFBC}") = "sales.outer", "sales.outer\sales.outer.csproj", "{8321992A-3027-45A9-9AC1-2E202D51F8A6}"
EndProject
Global
	GlobalSection(SolutionConfigurationPlatforms) = preSolution
		Debug|Any CPU = Debug|Any CPU
		Release|Any CPU = Release|Any CPU
	EndGlobalSection
	GlobalSection(ProjectConfigurationPlatforms) = postSolution
		{C57402F5-2BE6-4E55-83D5-2A19278A1E67}.Debug|Any CPU.ActiveCfg = Debug|Any CPU
		{C57402F5-2BE6-4E55-83D5-2A19278A1E67}.Debug|Any CPU.Build.0 = Debug|Any CPU
		{C57402F5-2BE6-4E55-83D5-2A19278A1E67}.Release|Any CPU.ActiveCfg = Release|Any CPU
		{C57402F5-2BE6-4E55-83D5-2A19278A1E67}.Release|Any CPU.Build.0 = Release|Any CPU
		{9657CF0F-E61E-4B24-8299-7ED69093A4E3}.Debug|Any CPU.ActiveCfg = Debug|Any CPU
		{9657CF0F-E61E-4B24-8299-7ED69093A4E3}.Debug|Any CPU.Build.0 = Debug|Any CPU
		{9657CF0F-E61E-4B24-8299-7ED69093A4E3}.Release|Any CPU.ActiveCfg = Release|Any CPU
		{9657CF0F-E61E-4B24-8299-7ED69093A4E3}.Release|Any CPU.Build.0 = Release|Any CPU
		{8321992A-3027-45A9-9AC1-2E202D51F8A6}.Debug|Any CPU.ActiveCfg = Debug|Any CPU
		{8321992A-3027-45A9-9AC1-2E202D51F8A6}.Debug|Any CPU.Build.0 = Debug|Any CPU
		{8321992A-3027-45A9-9AC1-2E202D51F8A6}.Release|Any CPU.ActiveCfg = Release|Any CPU
		{8321992A-3027-45A9-9AC1-2E202D51F8A6}.Release|Any CPU.Build.0 = Release|Any CPU
	EndGlobalSection
	GlobalSection(SolutionProperties) = preSolution
		HideSolutionNode = FALSE
	EndGlobalSection
	GlobalSection(NestedProjects) = preSolution
		{C57402F5-2BE6-4E55-83D5-2A19278A1E67} = {75446E88-3C3C-45B6-B158-603C3CFCDE28}
		{9657CF0F-E61E-4B24-8299-7ED69093A4E3} = {CD6676AB-0EE8-4637-8217-E12C3F14D5A1}
		{8321992A-3027-45A9-9AC1-2E202D51F8A6} = {999430A4-74FD-4768-9DA0-A83C9353EA25}
	EndGlobalSection
	GlobalSection(ExtensibilityGlobals) = postSolution
		SolutionGuid = {8A1934D8-6FD8-4DF0-9D36-12265CF6613E}
	EndGlobalSection
EndGlobal
